{
  "name": "spider",
  "version": "1.0.0",
  "lockfileVersion": 1,
  "requires": true,
  "dependencies": {
    "@types/bluebird": {
      "version": "3.5.18",
      "resolved": "https://registry.npmjs.org/@types/bluebird/-/bluebird-3.5.18.tgz",
      "integrity": "sha512-OTPWHmsyW18BhrnG5x8F7PzeZ2nFxmHGb42bZn79P9hl+GI5cMzyPgQTwNjbem0lJhoru/8vtjAFCUOu3+gE2w==",
      "dev": true
    },
    "@types/cheerio": {
      "version": "0.22.5",
      "resolved": "https://registry.npmjs.org/@types/cheerio/-/cheerio-0.22.5.tgz",
      "integrity": "sha512-Moft0SFkFG4RbRykJSsRFnPOS306hMF/lH+Ru/ugej/vzcGBpjzoJrf8P7gupouQYbbiXxhtN/5JMJWlsHYqIw==",
      "dev": true
    },
    "@types/form-data": {
      "version": "2.2.1",
      "resolved": "https://registry.npmjs.org/@types/form-data/-/form-data-2.2.1.tgz",
      "integrity": "sha512-JAMFhOaHIciYVh8fb5/83nmuO/AHwmto+Hq7a9y8FzLDcC1KCU344XDOMEmahnrTFlHjgh4L0WJFczNIX2GxnQ==",
      "dev": true,
      "requires": {
        "@types/node": "8.0.51"
      }
    },
    "@types/node": {
      "version": "8.0.51",
      "resolved": "https://registry.npmjs.org/@types/node/-/node-8.0.51.tgz",
      "integrity": "sha512-El3+WJk2D/ppWNd2X05aiP5l2k4EwF7KwheknQZls+I26eSICoWRhRIJ56jGgw2dqNGQ5LtNajmBU2ajS28EvQ==",
      "dev": true
    },
    "@types/request": {
      "version": "2.0.8",
      "resolved": "https://registry.npmjs.org/@types/request/-/request-2.0.8.tgz",
      "integrity": "sha512-fp8gsp0Qlq5wRas4UDjzayBxzWtQVcIumsMaHnNJzrk1Skx4WRpX5/HchSdZZf5/3Jp9m59EUBIGSI6mQEMOOg==",
      "dev": true,
      "requires": {
        "@types/form-data": "2.2.1",
        "@types/node": "8.0.51"
      }
    },
    "@types/request-promise": {
      "version": "4.1.39",
      "resolved": "https://registry.npmjs.org/@types/request-promise/-/request-promise-4.1.39.tgz",
      "integrity": "sha512-q9/VlE0osQ+EJ/UCF/MzH/xiF+wahQ4LG2i7lKkJuuWeRaM0GlhG29d11HUEFTKSL0gh3T1sJIpbYE7bwku9aQ==",
      "dev": true,
      "requires": {
        "@types/bluebird": "3.5.18",
        "@types/request": "2.0.8"
      }
    }
  }
}
